
Microsoft Visual Studio Solution File, Format Version 12.00
# Visual Studio Version 17
VisualStudioVersion = 17.9.34902.65
MinimumVisualStudioVersion = 10.0.40219.1
Project("{888888A0-9F3D-457C-B088-3A5042F75D52}") = "IOFilter", "IOFilter.pyproj", "{69A10543-37FD-4C92-9FDB-261CAE04346E}"
EndProject
Global
	GlobalSection(SolutionConfigurationPlatforms) = preSolution
		Debug|Any CPU = Debug|Any CPU
		Release|Any CPU = Release|Any CPU
	EndGlobalSection
	GlobalSection(ProjectConfigurationPlatforms) = postSolution
		{69A10543-37FD-4C92-9FDB-261CAE04346E}.Debug|Any CPU.ActiveCfg = Debug|Any CPU
		{69A10543-37FD-4C92-9FDB-261CAE04346E}.Release|Any CPU.ActiveCfg = Release|Any CPU
	EndGlobalSection
	GlobalSection(SolutionProperties) = preSolution
		HideSolutionNode = FALSE
	EndGlobalSection
	GlobalSection(ExtensibilityGlobals) = postSolution
		SolutionGuid = {868545FE-E140-447C-BCC5-B4BF0F621B0E}
	EndGlobalSection
EndGlobal
